// !$*UTF8*$!
{
	archiveVersion = 1;
	classes = {
	};
	objectVersion = 77;
	objects = {

/* Begin PBXContainerItemProxy section */
		309F332D2DAB1E5B00083A5C /* PBXContainerItemProxy */ = {
			isa = PBXContainerItemProxy;
			containerPortal = 309F33122DAB1E5A00083A5C /* Project object */;
			proxyType = 1;
			remoteGlobalIDString = 309F33192DAB1E5A00083A5C;
			remoteInfo = "Daily Quiz";
		};
		309F33372DAB1E5B00083A5C /* PBXContainerItemProxy */ = {
			isa = PBXContainerItemProxy;
			containerPortal = 309F33122DAB1E5A00083A5C /* Project object */;
			proxyType = 1;
			remoteGlobalIDString = 309F33192DAB1E5A00083A5C;
			remoteInfo = "Daily Quiz";
		};
/* End PBXContainerItemProxy section */

/* Begin PBXFileReference section */
		309F331A2DAB1E5A00083A5C /* Daily Quiz.app */ = {isa = PBXFileReference; explicitFileType = wrapper.application; includeInIndex = 0; path = "Daily Quiz.app"; sourceTree = BUILT_PRODUCTS_DIR; };
		309F332C2DAB1E5B00083A5C /* Daily QuizTests.xctest */ = {isa = PBXFileReference; explicitFileType = wrapper.cfbundle; includeInIndex = 0; path = "Daily QuizTests.xctest"; sourceTree = BUILT_PRODUCTS_DIR; };
		309F33362DAB1E5B00083A5C /* Daily QuizUITests.xctest */ = {isa = PBXFileReference; explicitFileType = wrapper.cfbundle; includeInIndex = 0; path = "Daily QuizUITests.xctest"; sourceTree = BUILT_PRODUCTS_DIR; };
/* End PBXFileReference section */

/* Begin PBXFileSystemSynchronizedRootGroup section */
		309F331C2DAB1E5A00083A5C /* Daily Quiz */ = {
			isa = PBXFileSystemSynchronizedRootGroup;
			path = "Daily Quiz";
			sourceTree = "<group>";
		};
		309F332F2DAB1E5B00083A5C /* Daily QuizTests */ = {
			isa = PBXFileSystemSynchronizedRootGroup;
			path = "Daily QuizTests";
			sourceTree = "<group>";
		};
		309F33392DAB1E5B00083A5C /* Daily QuizUITests */ = {
			isa = PBXFileSystemSynchronizedRootGroup;
			path = "Daily QuizUITests";
			sourceTree = "<group>";
		};
/* End PBXFileSystemSynchronizedRootGroup section */

/* Begin PBXFrameworksBuildPhase section */
		309F33172DAB1E5A00083A5C /* Frameworks */ = {
			isa = PBXFrameworksBuildPhase;
			buildActionMask = 2147483647;
			files = (
			);
			runOnlyForDeploymentPostprocessing = 0;
		};
		309F33292DAB1E5B00083A5C /* Frameworks */ = {
			isa = PBXFrameworksBuildPhase;
			buildActionMask = 2147483647;
			files = (
			);
			runOnlyForDeploymentPostprocessing = 0;
		};
		309F33332DAB1E5B00083A5C /* Frameworks */ = {
			isa = PBXFrameworksBuildPhase;
			buildActionMask = 2147483647;
			files = (
			);
			runOnlyForDeploymentPostprocessing = 0;
		};
/* End PBXFrameworksBuildPhase section */

/* Begin PBXGroup section */
		309F33112DAB1E5A00083A5C = {
			isa = PBXGroup;
			children = (
				309F331C2DAB1E5A00083A5C /* Daily Quiz */,
				309F332F2DAB1E5B00083A5C /* Daily QuizTests */,
				309F33392DAB1E5B00083A5C /* Daily QuizUITests */,
				309F331B2DAB1E5A00083A5C /* Products */,
			);
			sourceTree = "<group>";
		};
		309F331B2DAB1E5A00083A5C /* Products */ = {
			isa = PBXGroup;
			children = (
				309F331A2DAB1E5A00083A5C /* Daily Quiz.app */,
				309F332C2DAB1E5B00083A5C /* Daily QuizTests.xctest */,
				309F33362DAB1E5B00083A5C /* Daily QuizUITests.xctest */,
			);
			name = Products;
			sourceTree = "<group>";
		};
/* End PBXGroup section */

/* Begin PBXNativeTarget section */
		309F33192DAB1E5A00083A5C /* Daily Quiz */ = {
			isa = PBXNativeTarget;
			buildConfigurationList = 309F33402DAB1E5B00083A5C /* Build configuration list for PBXNativeTarget "Daily Quiz" */;
			buildPhases = (
				309F33162DAB1E5A00083A5C /* Sources */,
				309F33172DAB1E5A00083A5C /* Frameworks */,
				309F33182DAB1E5A00083A5C /* Resources */,
			);
			buildRules = (
			);
			dependencies = (
			);
			fileSystemSynchronizedGroups = (
				309F331C2DAB1E5A00083A5C /* Daily Quiz */,
			);
			name = "Daily Quiz";
			packageProductDependencies = (
			);
			productName = "Daily Quiz";
			productReference = 309F331A2DAB1E5A00083A5C /* Daily Quiz.app */;
			productType = "com.apple.product-type.application";
		};
		309F332B2DAB1E5B00083A5C /* Daily QuizTests */ = {
			isa = PBXNativeTarget;
			buildConfigurationList = 309F33432DAB1E5B00083A5C /* Build configuration list for PBXNativeTarget "Daily QuizTests" */;
			buildPhases = (
				309F33282DAB1E5B00083A5C /* Sources */,
				309F33292DAB1E5B00083A5C /* Frameworks */,
				309F332A2DAB1E5B00083A5C /* Resources */,
			);
			buildRules = (
			);
			dependencies = (
				309F332E2DAB1E5B00083A5C /* PBXTargetDependency */,
			);
			fileSystemSynchronizedGroups = (
				309F332F2DAB1E5B00083A5C /* Daily QuizTests */,
			);
			name = "Daily QuizTests";
			packageProductDependencies = (
			);
			productName = "Daily QuizTests";
			productReference = 309F332C2DAB1E5B00083A5C /* Daily QuizTests.xctest */;
			productType = "com.apple.product-type.bundle.unit-test";
		};
		309F33352DAB1E5B00083A5C /* Daily QuizUITests */ = {
			isa = PBXNativeTarget;
			buildConfigurationList = 309F33462DAB1E5B00083A5C /* Build configuration list for PBXNativeTarget "Daily QuizUITests" */;
			buildPhases = (
				309F33322DAB1E5B00083A5C /* Sources */,
				309F33332DAB1E5B00083A5C /* Frameworks */,
				309F33342DAB1E5B00083A5C /* Resources */,
			);
			buildRules = (
			);
			dependencies = (
				309F33382DAB1E5B00083A5C /* PBXTargetDependency */,
			);
			fileSystemSynchronizedGroups = (
				309F33392DAB1E5B00083A5C /* Daily QuizUITests */,
			);
			name = "Daily QuizUITests";
			packageProductDependencies = (
			);
			productName = "Daily QuizUITests";
			productReference = 309F33362DAB1E5B00083A5C /* Daily QuizUITests.xctest */;
			productType = "com.apple.product-type.bundle.ui-testing";
		};
/* End PBXNativeTarget section */

/* Begin PBXProject section */
		309F33122DAB1E5A00083A5C /* Project object */ = {
			isa = PBXProject;
			attributes = {
				BuildIndependentTargetsInParallel = 1;
				LastSwiftUpdateCheck = 1620;
				LastUpgradeCheck = 1620;
				TargetAttributes = {
					309F33192DAB1E5A00083A5C = {
						CreatedOnToolsVersion = 16.2;
					};
					309F332B2DAB1E5B00083A5C = {
						CreatedOnToolsVersion = 16.2;
						TestTargetID = 309F33192DAB1E5A00083A5C;
					};
					309F33352DAB1E5B00083A5C = {
						CreatedOnToolsVersion = 16.2;
						TestTargetID = 309F33192DAB1E5A00083A5C;
					};
				};
			};
			buildConfigurationList = 309F33152DAB1E5A00083A5C /* Build configuration list for PBXProject "Daily Quiz" */;
			developmentRegion = en;
			hasScannedForEncodings = 0;
			knownRegions = (
				en,
				Base,
			);
			mainGroup = 309F33112DAB1E5A00083A5C;
			minimizedProjectReferenceProxies = 1;
			preferredProjectObjectVersion = 77;
			productRefGroup = 309F331B2DAB1E5A00083A5C /* Products */;
			projectDirPath = "";
			projectRoot = "";
			targets = (
				309F33192DAB1E5A00083A5C /* Daily Quiz */,
				309F332B2DAB1E5B00083A5C /* Daily QuizTests */,
				309F33352DAB1E5B00083A5C /* Daily QuizUITests */,
			);
		};
/* End PBXProject section */

/* Begin PBXResourcesBuildPhase section */
		309F33182DAB1E5A00083A5C /* Resources */ = {
			isa = PBXResourcesBuildPhase;
			buildActionMask = 2147483647;
			files = (
			);
			runOnlyForDeploymentPostprocessing = 0;
		};
		309F332A2DAB1E5B00083A5C /* Resources */ = {
			isa = PBXResourcesBuildPhase;
			buildActionMask = 2147483647;
			files = (
			);
			runOnlyForDeploymentPostprocessing = 0;
		};
		309F33342DAB1E5B00083A5C /* Resources */ = {
			isa = PBXResourcesBuildPhase;
			buildActionMask = 2147483647;
			files = (
			);
			runOnlyForDeploymentPostprocessing = 0;
		};
/* End PBXResourcesBuildPhase section */

/* Begin PBXSourcesBuildPhase section */
		309F33162DAB1E5A00083A5C /* Sources */ = {
			isa = PBXSourcesBuildPhase;
			buildActionMask = 2147483647;
			files = (
			);
			runOnlyForDeploymentPostprocessing = 0;
		};
		309F33282DAB1E5B00083A5C /* Sources */ = {
			isa = PBXSourcesBuildPhase;
			buildActionMask = 2147483647;
			files = (
			);
			runOnlyForDeploymentPostprocessing = 0;
		};
		309F33322DAB1E5B00083A5C /* Sources */ = {
			isa = PBXSourcesBuildPhase;
			buildActionMask = 2147483647;
			files = (
			);
			runOnlyForDeploymentPostprocessing = 0;
		};
/* End PBXSourcesBuildPhase section */

/* Begin PBXTargetDependency section */
		309F332E2DAB1E5B00083A5C /* PBXTargetDependency */ = {
			isa = PBXTargetDependency;
			target = 309F33192DAB1E5A00083A5C /* Daily Quiz */;
			targetProxy = 309F332D2DAB1E5B00083A5C /* PBXContainerItemProxy */;
		};
		309F33382DAB1E5B00083A5C /* PBXTargetDependency */ = {
			isa = PBXTargetDependency;
			target = 309F33192DAB1E5A00083A5C /* Daily Quiz */;
			targetProxy = 309F33372DAB1E5B00083A5C /* PBXContainerItemProxy */;
		};
/* End PBXTargetDependency section */

/* Begin XCBuildConfiguration section */
		309F333E2DAB1E5B00083A5C /* Debug */ = {
			isa = XCBuildConfiguration;
			buildSettings = {
				ALWAYS_SEARCH_USER_PATHS = NO;
				ASSETCATALOG_COMPILER_GENERATE_SWIFT_ASSET_SYMBOL_EXTENSIONS = YES;
				CLANG_ANALYZER_NONNULL = YES;
				CLANG_ANALYZER_NUMBER_OBJECT_CONVERSION = YES_AGGRESSIVE;
				CLANG_CXX_LANGUAGE_STANDARD = "gnu++20";
				CLANG_ENABLE_MODULES = YES;
				CLANG_ENABLE_OBJC_ARC = YES;
				CLANG_ENABLE_OBJC_WEAK = YES;
				CLANG_WARN_BLOCK_CAPTURE_AUTORELEASING = YES;
				CLANG_WARN_BOOL_CONVERSION = YES;
				CLANG_WARN_COMMA = YES;
				CLANG_WARN_CONSTANT_CONVERSION = YES;
				CLANG_WARN_DEPRECATED_OBJC_IMPLEMENTATIONS = YES;
				CLANG_WARN_DIRECT_OBJC_ISA_USAGE = YES_ERROR;
				CLANG_WARN_DOCUMENTATION_COMMENTS = YES;
				CLANG_WARN_EMPTY_BODY = YES;
				CLANG_WARN_ENUM_CONVERSION = YES;
				CLANG_WARN_INFINITE_RECURSION = YES;
				CLANG_WARN_INT_CONVERSION = YES;
				CLANG_WARN_NON_LITERAL_NULL_CONVERSION = YES;
				CLANG_WARN_OBJC_IMPLICIT_RETAIN_SELF = YES;
				CLANG_WARN_OBJC_LITERAL_CONVERSION = YES;
				CLANG_WARN_OBJC_ROOT_CLASS = YES_ERROR;
				CLANG_WARN_QUOTED_INCLUDE_IN_FRAMEWORK_HEADER = YES;
				CLANG_WARN_RANGE_LOOP_ANALYSIS = YES;
				CLANG_WARN_STRICT_PROTOTYPES = YES;
				CLANG_WARN_SUSPICIOUS_MOVE = YES;
				CLANG_WARN_UNGUARDED_AVAILABILITY = YES_AGGRESSIVE;
				CLANG_WARN_UNREACHABLE_CODE = YES;
				CLANG_WARN__DUPLICATE_METHOD_MATCH = YES;
				COPY_PHASE_STRIP = NO;
				DEBUG_INFORMATION_FORMAT = dwarf;
				ENABLE_STRICT_OBJC_MSGSEND = YES;
				ENABLE_TESTABILITY = YES;
				ENABLE_USER_SCRIPT_SANDBOXING = YES;
				GCC_C_LANGUAGE_STANDARD = gnu17;
				GCC_DYNAMIC_NO_PIC = NO;
				GCC_NO_COMMON_BLOCKS = YES;
				GCC_OPTIMIZATION_LEVEL = 0;
				GCC_PREPROCESSOR_DEFINITIONS = (
					"DEBUG=1",
					"$(inherited)",
				);
				GCC_WARN_64_TO_32_BIT_CONVERSION = YES;
				GCC_WARN_ABOUT_RETURN_TYPE = YES_ERROR;
				GCC_WARN_UNDECLARED_SELECTOR = YES;
				GCC_WARN_UNINITIALIZED_AUTOS = YES_AGGRESSIVE;
				GCC_WARN_UNUSED_FUNCTION = YES;
				GCC_WARN_UNUSED_VARIABLE = YES;
				IPHONEOS_DEPLOYMENT_TARGET = 18.2;
				LOCALIZATION_PREFERS_STRING_CATALOGS = YES;
				MTL_ENABLE_DEBUG_INFO = INCLUDE_SOURCE;
				MTL_FAST_MATH = YES;
				ONLY_ACTIVE_ARCH = YES;
				SDKROOT = iphoneos;
				SWIFT_ACTIVE_COMPILATION_CONDITIONS = "DEBUG $(inherited)";
				SWIFT_OPTIMIZATION_LEVEL = "-Onone";
			};
			name = Debug;
		};
		309F333F2DAB1E5B00083A5C /* Release */ = {
			isa = XCBuildConfiguration;
			buildSettings = {
				ALWAYS_SEARCH_USER_PATHS = NO;
				ASSETCATALOG_COMPILER_GENERATE_SWIFT_ASSET_SYMBOL_EXTENSIONS = YES;
				CLANG_ANALYZER_NONNULL = YES;
				CLANG_ANALYZER_NUMBER_OBJECT_CONVERSION = YES_AGGRESSIVE;
				CLANG_CXX_LANGUAGE_STANDARD = "gnu++20";
				CLANG_ENABLE_MODULES = YES;
				CLANG_ENABLE_OBJC_ARC = YES;
				CLANG_ENABLE_OBJC_WEAK = YES;
				CLANG_WARN_BLOCK_CAPTURE_AUTORELEASING = YES;
				CLANG_WARN_BOOL_CONVERSION = YES;
				CLANG_WARN_COMMA = YES;
				CLANG_WARN_CONSTANT_CONVERSION = YES;
				CLANG_WARN_DEPRECATED_OBJC_IMPLEMENTATIONS = YES;
				CLANG_WARN_DIRECT_OBJC_ISA_USAGE = YES_ERROR;
				CLANG_WARN_DOCUMENTATION_COMMENTS = YES;
				CLANG_WARN_EMPTY_BODY = YES;
				CLANG_WARN_ENUM_CONVERSION = YES;
				CLANG_WARN_INFINITE_RECURSION = YES;
				CLANG_WARN_INT_CONVERSION = YES;
				CLANG_WARN_NON_LITERAL_NULL_CONVERSION = YES;
				CLANG_WARN_OBJC_IMPLICIT_RETAIN_SELF = YES;
				CLANG_WARN_OBJC_LITERAL_CONVERSION = YES;
				CLANG_WARN_OBJC_ROOT_CLASS = YES_ERROR;
				CLANG_WARN_QUOTED_INCLUDE_IN_FRAMEWORK_HEADER = YES;
				CLANG_WARN_RANGE_LOOP_ANALYSIS = YES;
				CLANG_WARN_STRICT_PROTOTYPES = YES;
				CLANG_WARN_SUSPICIOUS_MOVE = YES;
				CLANG_WARN_UNGUARDED_AVAILABILITY = YES_AGGRESSIVE;
				CLANG_WARN_UNREACHABLE_CODE = YES;
				CLANG_WARN__DUPLICATE_METHOD_MATCH = YES;
				COPY_PHASE_STRIP = NO;
				DEBUG_INFORMATION_FORMAT = "dwarf-with-dsym";
				ENABLE_NS_ASSERTIONS = NO;
				ENABLE_STRICT_OBJC_MSGSEND = YES;
				ENABLE_USER_SCRIPT_SANDBOXING = YES;
				GCC_C_LANGUAGE_STANDARD = gnu17;
				GCC_NO_COMMON_BLOCKS = YES;
				GCC_WARN_64_TO_32_BIT_CONVERSION = YES;
				GCC_WARN_ABOUT_RETURN_TYPE = YES_ERROR;
				GCC_WARN_UNDECLARED_SELECTOR = YES;
				GCC_WARN_UNINITIALIZED_AUTOS = YES_AGGRESSIVE;
				GCC_WARN_UNUSED_FUNCTION = YES;
				GCC_WARN_UNUSED_VARIABLE = YES;
				IPHONEOS_DEPLOYMENT_TARGET = 18.2;
				LOCALIZATION_PREFERS_STRING_CATALOGS = YES;
				MTL_ENABLE_DEBUG_INFO = NO;
				MTL_FAST_MATH = YES;
				SDKROOT = iphoneos;
				SWIFT_COMPILATION_MODE = wholemodule;
				VALIDATE_PRODUCT = YES;
			};
			name = Release;
		};
		309F33412DAB1E5B00083A5C /* Debug */ = {
			isa = XCBuildConfiguration;
			buildSettings = {
				ASSETCATALOG_COMPILER_APPICON_NAME = AppIcon;
				ASSETCATALOG_COMPILER_GLOBAL_ACCENT_COLOR_NAME = AccentColor;
				CODE_SIGN_STYLE = Automatic;
				CURRENT_PROJECT_VERSION = 1;
				DEVELOPMENT_ASSET_PATHS = "\"Daily Quiz/Preview Content\"";
				DEVELOPMENT_TEAM = M88NZFL39G;
				ENABLE_PREVIEWS = YES;
				GENERATE_INFOPLIST_FILE = YES;
				INFOPLIST_KEY_UIApplicationSceneManifest_Generation = YES;
				INFOPLIST_KEY_UIApplicationSupportsIndirectInputEvents = YES;
				INFOPLIST_KEY_UILaunchScreen_Generation = YES;
				INFOPLIST_KEY_UISupportedInterfaceOrientations_iPad = "UIInterfaceOrientationPortrait UIInterfaceOrientationPortraitUpsideDown UIInterfaceOrientationLandscapeLeft UIInterfaceOrientationLandscapeRight";
				INFOPLIST_KEY_UISupportedInterfaceOrientations_iPhone = "UIInterfaceOrientationPortrait UIInterfaceOrientationLandscapeLeft UIInterfaceOrientationLandscapeRight";
				LD_RUNPATH_SEARCH_PATHS = (
					"$(inherited)",
					"@executable_path/Frameworks",
				);
				MARKETING_VERSION = 1.0;
				PRODUCT_BUNDLE_IDENTIFIER = "com.promom.Daily-Quiz";
				PRODUCT_NAME = "$(TARGET_NAME)";
				SWIFT_EMIT_LOC_STRINGS = YES;
				SWIFT_VERSION = 5.0;
				TARGETED_DEVICE_FAMILY = "1,2";
			};
			name = Debug;
		};
		309F33422DAB1E5B00083A5C /* Release */ = {
			isa = XCBuildConfiguration;
			buildSettings = {
				ASSETCATALOG_COMPILER_APPICON_NAME = AppIcon;
				ASSETCATALOG_COMPILER_GLOBAL_ACCENT_COLOR_NAME = AccentColor;
				CODE_SIGN_STYLE = Automatic;
				CURRENT_PROJECT_VERSION = 1;
				DEVELOPMENT_ASSET_PATHS = "\"Daily Quiz/Preview Content\"";
				DEVELOPMENT_TEAM = M88NZFL39G;
				ENABLE_PREVIEWS = YES;
				GENERATE_INFOPLIST_FILE = YES;
				INFOPLIST_KEY_UIApplicationSceneManifest_Generation = YES;
				INFOPLIST_KEY_UIApplicationSupportsIndirectInputEvents = YES;
				INFOPLIST_KEY_UILaunchScreen_Generation = YES;
				INFOPLIST_KEY_UISupportedInterfaceOrientations_iPad = "UIInterfaceOrientationPortrait UIInterfaceOrientationPortraitUpsideDown UIInterfaceOrientationLandscapeLeft UIInterfaceOrientationLandscapeRight";
				INFOPLIST_KEY_UISupportedInterfaceOrientations_iPhone = "UIInterfaceOrientationPortrait UIInterfaceOrientationLandscapeLeft UIInterfaceOrientationLandscapeRight";
				LD_RUNPATH_SEARCH_PATHS = (
					"$(inherited)",
					"@executable_path/Frameworks",
				);
				MARKETING_VERSION = 1.0;
				PRODUCT_BUNDLE_IDENTIFIER = "com.promom.Daily-Quiz";
				PRODUCT_NAME = "$(TARGET_NAME)";
				SWIFT_EMIT_LOC_STRINGS = YES;
				SWIFT_VERSION = 5.0;
				TARGETED_DEVICE_FAMILY = "1,2";
			};
			name = Release;
		};
		309F33442DAB1E5B00083A5C /* Debug */ = {
			isa = XCBuildConfiguration;
			buildSettings = {
				BUNDLE_LOADER = "$(TEST_HOST)";
				CODE_SIGN_STYLE = Automatic;
				CURRENT_PROJECT_VERSION = 1;
				DEVELOPMENT_TEAM = M88NZFL39G;
				GENERATE_INFOPLIST_FILE = YES;
				IPHONEOS_DEPLOYMENT_TARGET = 18.2;
				MARKETING_VERSION = 1.0;
				PRODUCT_BUNDLE_IDENTIFIER = "com.promom.Daily-QuizTests";
				PRODUCT_NAME = "$(TARGET_NAME)";
				SWIFT_EMIT_LOC_STRINGS = NO;
				SWIFT_VERSION = 5.0;
				TARGETED_DEVICE_FAMILY = "1,2";
				TEST_HOST = "$(BUILT_PRODUCTS_DIR)/Daily Quiz.app/$(BUNDLE_EXECUTABLE_FOLDER_PATH)/Daily Quiz";
			};
			name = Debug;
		};
		309F33452DAB1E5B00083A5C /* Release */ = {
			isa = XCBuildConfiguration;
			buildSettings = {
				BUNDLE_LOADER = "$(TEST_HOST)";
				CODE_SIGN_STYLE = Automatic;
				CURRENT_PROJECT_VERSION = 1;
				DEVELOPMENT_TEAM = M88NZFL39G;
				GENERATE_INFOPLIST_FILE = YES;
				IPHONEOS_DEPLOYMENT_TARGET = 18.2;
				MARKETING_VERSION = 1.0;
				PRODUCT_BUNDLE_IDENTIFIER = "com.promom.Daily-QuizTests";
				PRODUCT_NAME = "$(TARGET_NAME)";
				SWIFT_EMIT_LOC_STRINGS = NO;
				SWIFT_VERSION = 5.0;
				TARGETED_DEVICE_FAMILY = "1,2";
				TEST_HOST = "$(BUILT_PRODUCTS_DIR)/Daily Quiz.app/$(BUNDLE_EXECUTABLE_FOLDER_PATH)/Daily Quiz";
			};
			name = Release;
		};
		309F33472DAB1E5B00083A5C /* Debug */ = {
			isa = XCBuildConfiguration;
			buildSettings = {
				CODE_SIGN_STYLE = Automatic;
				CURRENT_PROJECT_VERSION = 1;
				DEVELOPMENT_TEAM = M88NZFL39G;
				GENERATE_INFOPLIST_FILE = YES;
				MARKETING_VERSION = 1.0;
				PRODUCT_BUNDLE_IDENTIFIER = "com.promom.Daily-QuizUITests";
				PRODUCT_NAME = "$(TARGET_NAME)";
				SWIFT_EMIT_LOC_STRINGS = NO;
				SWIFT_VERSION = 5.0;
				TARGETED_DEVICE_FAMILY = "1,2";
				TEST_TARGET_NAME = "Daily Quiz";
			};
			name = Debug;
		};
		309F33482DAB1E5B00083A5C /* Release */ = {
			isa = XCBuildConfiguration;
			buildSettings = {
				CODE_SIGN_STYLE = Automatic;
				CURRENT_PROJECT_VERSION = 1;
				DEVELOPMENT_TEAM = M88NZFL39G;
				GENERATE_INFOPLIST_FILE = YES;
				MARKETING_VERSION = 1.0;
				PRODUCT_BUNDLE_IDENTIFIER = "com.promom.Daily-QuizUITests";
				PRODUCT_NAME = "$(TARGET_NAME)";
				SWIFT_EMIT_LOC_STRINGS = NO;
				SWIFT_VERSION = 5.0;
				TARGETED_DEVICE_FAMILY = "1,2";
				TEST_TARGET_NAME = "Daily Quiz";
			};
			name = Release;
		};
/* End XCBuildConfiguration section */

/* Begin XCConfigurationList section */
		309F33152DAB1E5A00083A5C /* Build configuration list for PBXProject "Daily Quiz" */ = {
			isa = XCConfigurationList;
			buildConfigurations = (
				309F333E2DAB1E5B00083A5C /* Debug */,
				309F333F2DAB1E5B00083A5C /* Release */,
			);
			defaultConfigurationIsVisible = 0;
			defaultConfigurationName = Release;
		};
		309F33402DAB1E5B00083A5C /* Build configuration list for PBXNativeTarget "Daily Quiz" */ = {
			isa = XCConfigurationList;
			buildConfigurations = (
				309F33412DAB1E5B00083A5C /* Debug */,
				309F33422DAB1E5B00083A5C /* Release */,
			);
			defaultConfigurationIsVisible = 0;
			defaultConfigurationName = Release;
		};
		309F33432DAB1E5B00083A5C /* Build configuration list for PBXNativeTarget "Daily QuizTests" */ = {
			isa = XCConfigurationList;
			buildConfigurations = (
				309F33442DAB1E5B00083A5C /* Debug */,
				309F33452DAB1E5B00083A5C /* Release */,
			);
			defaultConfigurationIsVisible = 0;
			defaultConfigurationName = Release;
		};
		309F33462DAB1E5B00083A5C /* Build configuration list for PBXNativeTarget "Daily QuizUITests" */ = {
			isa = XCConfigurationList;
			buildConfigurations = (
				309F33472DAB1E5B00083A5C /* Debug */,
				309F33482DAB1E5B00083A5C /* Release */,
			);
			defaultConfigurationIsVisible = 0;
			defaultConfigurationName = Release;
		};
/* End XCConfigurationList section */
	};
	rootObject = 309F33122DAB1E5A00083A5C /* Project object */;
}
